
Microsoft Visual Studio Solution File, Format Version 12.00
# Visual Studio Version 17
VisualStudioVersion = 17.13.35828.75
MinimumVisualStudioVersion = 10.0.40219.1
Project("{FAE04EC0-301F-11D3-BF4B-00C04F79EFBC}") = "PRONEXEL_WEB", "PRONEXEL_WEB\PRONEXEL_WEB.csproj", "{E048E6FE-E3CF-4943-9BDD-B40B5A77AB65}"
EndProject
Project("{FAE04EC0-301F-11D3-BF4B-00C04F79EFBC}") = "PRONEXEL_Data", "PRONEXEL_Data\PRONEXEL_Data.csproj", "{1F50B909-95BE-4CC0-BA87-4D1A63DB3410}"
EndProject
Project("{FAE04EC0-301F-11D3-BF4B-00C04F79EFBC}") = "PRONEXEL_Business", "PRONEXEL_Business\PRONEXEL_Business.csproj", "{BA2FB9D1-FF8C-4B71-A46E-D62706A2D9E2}"
EndProject
Global
	GlobalSection(SolutionConfigurationPlatforms) = preSolution
		Debug|Any CPU = Debug|Any CPU
		Release|Any CPU = Release|Any CPU
	EndGlobalSection
	GlobalSection(ProjectConfigurationPlatforms) = postSolution
		{E048E6FE-E3CF-4943-9BDD-B40B5A77AB65}.Debug|Any CPU.ActiveCfg = Debug|Any CPU
		{E048E6FE-E3CF-4943-9BDD-B40B5A77AB65}.Debug|Any CPU.Build.0 = Debug|Any CPU
		{E048E6FE-E3CF-4943-9BDD-B40B5A77AB65}.Release|Any CPU.ActiveCfg = Release|Any CPU
		{E048E6FE-E3CF-4943-9BDD-B40B5A77AB65}.Release|Any CPU.Build.0 = Release|Any CPU
		{1F50B909-95BE-4CC0-BA87-4D1A63DB3410}.Debug|Any CPU.ActiveCfg = Debug|Any CPU
		{1F50B909-95BE-4CC0-BA87-4D1A63DB3410}.Debug|Any CPU.Build.0 = Debug|Any CPU
		{1F50B909-95BE-4CC0-BA87-4D1A63DB3410}.Release|Any CPU.ActiveCfg = Release|Any CPU
		{1F50B909-95BE-4CC0-BA87-4D1A63DB3410}.Release|Any CPU.Build.0 = Release|Any CPU
		{BA2FB9D1-FF8C-4B71-A46E-D62706A2D9E2}.Debug|Any CPU.ActiveCfg = Debug|Any CPU
		{BA2FB9D1-FF8C-4B71-A46E-D62706A2D9E2}.Debug|Any CPU.Build.0 = Debug|Any CPU
		{BA2FB9D1-FF8C-4B71-A46E-D62706A2D9E2}.Release|Any CPU.ActiveCfg = Release|Any CPU
		{BA2FB9D1-FF8C-4B71-A46E-D62706A2D9E2}.Release|Any CPU.Build.0 = Release|Any CPU
	EndGlobalSection
	GlobalSection(SolutionProperties) = preSolution
		HideSolutionNode = FALSE
	EndGlobalSection
	GlobalSection(ExtensibilityGlobals) = postSolution
		SolutionGuid = {21558224-948A-44C5-8EDF-F71B430C0D2C}
	EndGlobalSection
EndGlobal
